// !$*UTF8*$!
{
	archiveVersion = 1;
	classes = {
	};
	objectVersion = 77;
	objects = {

/* Begin PBXBuildFile section */
		1C0C165B2EA97134002BE797 /* FirebaseAuth in Frameworks */ = {isa = PBXBuildFile; productRef = 1C0C165A2EA97134002BE797 /* FirebaseAuth */; };
		1C0C165D2EA97134002BE797 /* FirebaseCore in Frameworks */ = {isa = PBXBuildFile; productRef = 1C0C165C2EA97134002BE797 /* FirebaseCore */; };
		1C0C165F2EA97134002BE797 /* FirebaseFirestore in Frameworks */ = {isa = PBXBuildFile; productRef = 1C0C165E2EA97134002BE797 /* FirebaseFirestore */; };
		1C0C16612EA97134002BE797 /* FirebaseStorage in Frameworks */ = {isa = PBXBuildFile; productRef = 1C0C16602EA97134002BE797 /* FirebaseStorage */; };
/* End PBXBuildFile section */

/* Begin PBXContainerItemProxy section */
		7F9053E22E96C4D6009DFF51 /* PBXContainerItemProxy */ = {
			isa = PBXContainerItemProxy;
			containerPortal = 7F9053CC2E96C4D4009DFF51 /* Project object */;
			proxyType = 1;
			remoteGlobalIDString = 7F9053D32E96C4D4009DFF51;
			remoteInfo = ChatterMap;
		};
		7F9053EC2E96C4D6009DFF51 /* PBXContainerItemProxy */ = {
			isa = PBXContainerItemProxy;
			containerPortal = 7F9053CC2E96C4D4009DFF51 /* Project object */;
			proxyType = 1;
			remoteGlobalIDString = 7F9053D32E96C4D4009DFF51;
			remoteInfo = ChatterMap;
		};
/* End PBXContainerItemProxy section */

/* Begin PBXFileReference section */
		7F9053D42E96C4D4009DFF51 /* ChatterMap.app */ = {isa = PBXFileReference; explicitFileType = wrapper.application; includeInIndex = 0; path = ChatterMap.app; sourceTree = BUILT_PRODUCTS_DIR; };
		7F9053E12E96C4D6009DFF51 /* ChatterMapTests.xctest */ = {isa = PBXFileReference; explicitFileType = wrapper.cfbundle; includeInIndex = 0; path = ChatterMapTests.xctest; sourceTree = BUILT_PRODUCTS_DIR; };
		7F9053EB2E96C4D6009DFF51 /* ChatterMapUITests.xctest */ = {isa = PBXFileReference; explicitFileType = wrapper.cfbundle; includeInIndex = 0; path = ChatterMapUITests.xctest; sourceTree = BUILT_PRODUCTS_DIR; };
/* End PBXFileReference section */

/* Begin PBXFileSystemSynchronizedRootGroup section */
		7F9053D62E96C4D4009DFF51 /* ChatterMap */ = {
			isa = PBXFileSystemSynchronizedRootGroup;
			path = ChatterMap;
			sourceTree = "<group>";
		};
		7F9053E42E96C4D6009DFF51 /* ChatterMapTests */ = {
			isa = PBXFileSystemSynchronizedRootGroup;
			path = ChatterMapTests;
			sourceTree = "<group>";
		};
		7F9053EE2E96C4D6009DFF51 /* ChatterMapUITests */ = {
			isa = PBXFileSystemSynchronizedRootGroup;
			path = ChatterMapUITests;
			sourceTree = "<group>";
		};
/* End PBXFileSystemSynchronizedRootGroup section */

/* Begin PBXFrameworksBuildPhase section */
		7F9053D12E96C4D4009DFF51 /* Frameworks */ = {
			isa = PBXFrameworksBuildPhase;
			buildActionMask = 2147483647;
			files = (
				1C0C165D2EA97134002BE797 /* FirebaseCore in Frameworks */,
				1C0C16612EA97134002BE797 /* FirebaseStorage in Frameworks */,
				1C0C165B2EA97134002BE797 /* FirebaseAuth in Frameworks */,
				1C0C165F2EA97134002BE797 /* FirebaseFirestore in Frameworks */,
			);
			runOnlyForDeploymentPostprocessing = 0;
		};
		7F9053DE2E96C4D6009DFF51 /* Frameworks */ = {
			isa = PBXFrameworksBuildPhase;
			buildActionMask = 2147483647;
			files = (
			);
			runOnlyForDeploymentPostprocessing = 0;
		};
		7F9053E82E96C4D6009DFF51 /* Frameworks */ = {
			isa = PBXFrameworksBuildPhase;
			buildActionMask = 2147483647;
			files = (
			);
			runOnlyForDeploymentPostprocessing = 0;
		};
/* End PBXFrameworksBuildPhase section */

/* Begin PBXGroup section */
		7F9053CB2E96C4D4009DFF51 = {
			isa = PBXGroup;
			children = (
				7F9053D62E96C4D4009DFF51 /* ChatterMap */,
				7F9053E42E96C4D6009DFF51 /* ChatterMapTests */,
				7F9053EE2E96C4D6009DFF51 /* ChatterMapUITests */,
				7F9053D52E96C4D4009DFF51 /* Products */,
			);
			sourceTree = "<group>";
		};
		7F9053D52E96C4D4009DFF51 /* Products */ = {
			isa = PBXGroup;
			children = (
				7F9053D42E96C4D4009DFF51 /* ChatterMap.app */,
				7F9053E12E96C4D6009DFF51 /* ChatterMapTests.xctest */,
				7F9053EB2E96C4D6009DFF51 /* ChatterMapUITests.xctest */,
			);
			name = Products;
			sourceTree = "<group>";
		};
/* End PBXGroup section */

/* Begin PBXNativeTarget section */
		7F9053D32E96C4D4009DFF51 /* ChatterMap */ = {
			isa = PBXNativeTarget;
			buildConfigurationList = 7F9053F52E96C4D6009DFF51 /* Build configuration list for PBXNativeTarget "ChatterMap" */;
			buildPhases = (
				7F9053D02E96C4D4009DFF51 /* Sources */,
				7F9053D12E96C4D4009DFF51 /* Frameworks */,
				7F9053D22E96C4D4009DFF51 /* Resources */,
			);
			buildRules = (
			);
			dependencies = (
			);
			fileSystemSynchronizedGroups = (
				7F9053D62E96C4D4009DFF51 /* ChatterMap */,
			);
			name = ChatterMap;
			packageProductDependencies = (
				1C0C165A2EA97134002BE797 /* FirebaseAuth */,
				1C0C165C2EA97134002BE797 /* FirebaseCore */,
				1C0C165E2EA97134002BE797 /* FirebaseFirestore */,
				1C0C16602EA97134002BE797 /* FirebaseStorage */,
			);
			productName = ChatterMap;
			productReference = 7F9053D42E96C4D4009DFF51 /* ChatterMap.app */;
			productType = "com.apple.product-type.application";
		};
		7F9053E02E96C4D6009DFF51 /* ChatterMapTests */ = {
			isa = PBXNativeTarget;
			buildConfigurationList = 7F9053F82E96C4D6009DFF51 /* Build configuration list for PBXNativeTarget "ChatterMapTests" */;
			buildPhases = (
				7F9053DD2E96C4D6009DFF51 /* Sources */,
				7F9053DE2E96C4D6009DFF51 /* Frameworks */,
				7F9053DF2E96C4D6009DFF51 /* Resources */,
			);
			buildRules = (
			);
			dependencies = (
				7F9053E32E96C4D6009DFF51 /* PBXTargetDependency */,
			);
			fileSystemSynchronizedGroups = (
				7F9053E42E96C4D6009DFF51 /* ChatterMapTests */,
			);
			name = ChatterMapTests;
			packageProductDependencies = (
			);
			productName = ChatterMapTests;
			productReference = 7F9053E12E96C4D6009DFF51 /* ChatterMapTests.xctest */;
			productType = "com.apple.product-type.bundle.unit-test";
		};
		7F9053EA2E96C4D6009DFF51 /* ChatterMapUITests */ = {
			isa = PBXNativeTarget;
			buildConfigurationList = 7F9053FB2E96C4D6009DFF51 /* Build configuration list for PBXNativeTarget "ChatterMapUITests" */;
			buildPhases = (
				7F9053E72E96C4D6009DFF51 /* Sources */,
				7F9053E82E96C4D6009DFF51 /* Frameworks */,
				7F9053E92E96C4D6009DFF51 /* Resources */,
			);
			buildRules = (
			);
			dependencies = (
				7F9053ED2E96C4D6009DFF51 /* PBXTargetDependency */,
			);
			fileSystemSynchronizedGroups = (
				7F9053EE2E96C4D6009DFF51 /* ChatterMapUITests */,
			);
			name = ChatterMapUITests;
			packageProductDependencies = (
			);
			productName = ChatterMapUITests;
			productReference = 7F9053EB2E96C4D6009DFF51 /* ChatterMapUITests.xctest */;
			productType = "com.apple.product-type.bundle.ui-testing";
		};
/* End PBXNativeTarget section */

/* Begin PBXProject section */
		7F9053CC2E96C4D4009DFF51 /* Project object */ = {
			isa = PBXProject;
			attributes = {
				BuildIndependentTargetsInParallel = 1;
				LastSwiftUpdateCheck = 1640;
				LastUpgradeCheck = 1640;
				TargetAttributes = {
					7F9053D32E96C4D4009DFF51 = {
						CreatedOnToolsVersion = 16.4;
					};
					7F9053E02E96C4D6009DFF51 = {
						CreatedOnToolsVersion = 16.4;
						TestTargetID = 7F9053D32E96C4D4009DFF51;
					};
					7F9053EA2E96C4D6009DFF51 = {
						CreatedOnToolsVersion = 16.4;
						TestTargetID = 7F9053D32E96C4D4009DFF51;
					};
				};
			};
			buildConfigurationList = 7F9053CF2E96C4D4009DFF51 /* Build configuration list for PBXProject "ChatterMap" */;
			developmentRegion = en;
			hasScannedForEncodings = 0;
			knownRegions = (
				en,
				Base,
			);
			mainGroup = 7F9053CB2E96C4D4009DFF51;
			minimizedProjectReferenceProxies = 1;
			packageReferences = (
				1C0C16592EA97134002BE797 /* XCRemoteSwiftPackageReference "firebase-ios-sdk" */,
			);
			preferredProjectObjectVersion = 77;
			productRefGroup = 7F9053D52E96C4D4009DFF51 /* Products */;
			projectDirPath = "";
			projectRoot = "";
			targets = (
				7F9053D32E96C4D4009DFF51 /* ChatterMap */,
				7F9053E02E96C4D6009DFF51 /* ChatterMapTests */,
				7F9053EA2E96C4D6009DFF51 /* ChatterMapUITests */,
			);
		};
/* End PBXProject section */

/* Begin PBXResourcesBuildPhase section */
		7F9053D22E96C4D4009DFF51 /* Resources */ = {
			isa = PBXResourcesBuildPhase;
			buildActionMask = 2147483647;
			files = (
			);
			runOnlyForDeploymentPostprocessing = 0;
		};
		7F9053DF2E96C4D6009DFF51 /* Resources */ = {
			isa = PBXResourcesBuildPhase;
			buildActionMask = 2147483647;
			files = (
			);
			runOnlyForDeploymentPostprocessing = 0;
		};
		7F9053E92E96C4D6009DFF51 /* Resources */ = {
			isa = PBXResourcesBuildPhase;
			buildActionMask = 2147483647;
			files = (
			);
			runOnlyForDeploymentPostprocessing = 0;
		};
/* End PBXResourcesBuildPhase section */

/* Begin PBXSourcesBuildPhase section */
		7F9053D02E96C4D4009DFF51 /* Sources */ = {
			isa = PBXSourcesBuildPhase;
			buildActionMask = 2147483647;
			files = (
			);
			runOnlyForDeploymentPostprocessing = 0;
		};
		7F9053DD2E96C4D6009DFF51 /* Sources */ = {
			isa = PBXSourcesBuildPhase;
			buildActionMask = 2147483647;
			files = (
			);
			runOnlyForDeploymentPostprocessing = 0;
		};
		7F9053E72E96C4D6009DFF51 /* Sources */ = {
			isa = PBXSourcesBuildPhase;
			buildActionMask = 2147483647;
			files = (
			);
			runOnlyForDeploymentPostprocessing = 0;
		};
/* End PBXSourcesBuildPhase section */

/* Begin PBXTargetDependency section */
		7F9053E32E96C4D6009DFF51 /* PBXTargetDependency */ = {
			isa = PBXTargetDependency;
			target = 7F9053D32E96C4D4009DFF51 /* ChatterMap */;
			targetProxy = 7F9053E22E96C4D6009DFF51 /* PBXContainerItemProxy */;
		};
		7F9053ED2E96C4D6009DFF51 /* PBXTargetDependency */ = {
			isa = PBXTargetDependency;
			target = 7F9053D32E96C4D4009DFF51 /* ChatterMap */;
			targetProxy = 7F9053EC2E96C4D6009DFF51 /* PBXContainerItemProxy */;
		};
/* End PBXTargetDependency section */

/* Begin XCBuildConfiguration section */
		7F9053F32E96C4D6009DFF51 /* Debug */ = {
			isa = XCBuildConfiguration;
			buildSettings = {
				ALWAYS_SEARCH_USER_PATHS = NO;
				ASSETCATALOG_COMPILER_GENERATE_SWIFT_ASSET_SYMBOL_EXTENSIONS = YES;
				CLANG_ANALYZER_NONNULL = YES;
				CLANG_ANALYZER_NUMBER_OBJECT_CONVERSION = YES_AGGRESSIVE;
				CLANG_CXX_LANGUAGE_STANDARD = "gnu++20";
				CLANG_ENABLE_MODULES = YES;
				CLANG_ENABLE_OBJC_ARC = YES;
				CLANG_ENABLE_OBJC_WEAK = YES;
				CLANG_WARN_BLOCK_CAPTURE_AUTORELEASING = YES;
				CLANG_WARN_BOOL_CONVERSION = YES;
				CLANG_WARN_COMMA = YES;
				CLANG_WARN_CONSTANT_CONVERSION = YES;
				CLANG_WARN_DEPRECATED_OBJC_IMPLEMENTATIONS = YES;
				CLANG_WARN_DIRECT_OBJC_ISA_USAGE = YES_ERROR;
				CLANG_WARN_DOCUMENTATION_COMMENTS = YES;
				CLANG_WARN_EMPTY_BODY = YES;
				CLANG_WARN_ENUM_CONVERSION = YES;
				CLANG_WARN_INFINITE_RECURSION = YES;
				CLANG_WARN_INT_CONVERSION = YES;
				CLANG_WARN_NON_LITERAL_NULL_CONVERSION = YES;
				CLANG_WARN_OBJC_IMPLICIT_RETAIN_SELF = YES;
				CLANG_WARN_OBJC_LITERAL_CONVERSION = YES;
				CLANG_WARN_OBJC_ROOT_CLASS = YES_ERROR;
				CLANG_WARN_QUOTED_INCLUDE_IN_FRAMEWORK_HEADER = YES;
				CLANG_WARN_RANGE_LOOP_ANALYSIS = YES;
				CLANG_WARN_STRICT_PROTOTYPES = YES;
				CLANG_WARN_SUSPICIOUS_MOVE = YES;
				CLANG_WARN_UNGUARDED_AVAILABILITY = YES_AGGRESSIVE;
				CLANG_WARN_UNREACHABLE_CODE = YES;
				CLANG_WARN__DUPLICATE_METHOD_MATCH = YES;
				COPY_PHASE_STRIP = NO;
				DEBUG_INFORMATION_FORMAT = dwarf;
				DEVELOPMENT_TEAM = QYNRDMWMF6;
				ENABLE_STRICT_OBJC_MSGSEND = YES;
				ENABLE_TESTABILITY = YES;
				ENABLE_USER_SCRIPT_SANDBOXING = YES;
				GCC_C_LANGUAGE_STANDARD = gnu17;
				GCC_DYNAMIC_NO_PIC = NO;
				GCC_NO_COMMON_BLOCKS = YES;
				GCC_OPTIMIZATION_LEVEL = 0;
				GCC_PREPROCESSOR_DEFINITIONS = (
					"DEBUG=1",
					"$(inherited)",
				);
				GCC_WARN_64_TO_32_BIT_CONVERSION = YES;
				GCC_WARN_ABOUT_RETURN_TYPE = YES_ERROR;
				GCC_WARN_UNDECLARED_SELECTOR = YES;
				GCC_WARN_UNINITIALIZED_AUTOS = YES_AGGRESSIVE;
				GCC_WARN_UNUSED_FUNCTION = YES;
				GCC_WARN_UNUSED_VARIABLE = YES;
				IPHONEOS_DEPLOYMENT_TARGET = 18.5;
				LOCALIZATION_PREFERS_STRING_CATALOGS = YES;
				MTL_ENABLE_DEBUG_INFO = INCLUDE_SOURCE;
				MTL_FAST_MATH = YES;
				ONLY_ACTIVE_ARCH = YES;
				SDKROOT = iphoneos;
				SWIFT_ACTIVE_COMPILATION_CONDITIONS = "DEBUG $(inherited)";
				SWIFT_OPTIMIZATION_LEVEL = "-Onone";
			};
			name = Debug;
		};
		7F9053F42E96C4D6009DFF51 /* Release */ = {
			isa = XCBuildConfiguration;
			buildSettings = {
				ALWAYS_SEARCH_USER_PATHS = NO;
				ASSETCATALOG_COMPILER_GENERATE_SWIFT_ASSET_SYMBOL_EXTENSIONS = YES;
				CLANG_ANALYZER_NONNULL = YES;
				CLANG_ANALYZER_NUMBER_OBJECT_CONVERSION = YES_AGGRESSIVE;
				CLANG_CXX_LANGUAGE_STANDARD = "gnu++20";
				CLANG_ENABLE_MODULES = YES;
				CLANG_ENABLE_OBJC_ARC = YES;
				CLANG_ENABLE_OBJC_WEAK = YES;
				CLANG_WARN_BLOCK_CAPTURE_AUTORELEASING = YES;
				CLANG_WARN_BOOL_CONVERSION = YES;
				CLANG_WARN_COMMA = YES;
				CLANG_WARN_CONSTANT_CONVERSION = YES;
				CLANG_WARN_DEPRECATED_OBJC_IMPLEMENTATIONS = YES;
				CLANG_WARN_DIRECT_OBJC_ISA_USAGE = YES_ERROR;
				CLANG_WARN_DOCUMENTATION_COMMENTS = YES;
				CLANG_WARN_EMPTY_BODY = YES;
				CLANG_WARN_ENUM_CONVERSION = YES;
				CLANG_WARN_INFINITE_RECURSION = YES;
				CLANG_WARN_INT_CONVERSION = YES;
				CLANG_WARN_NON_LITERAL_NULL_CONVERSION = YES;
				CLANG_WARN_OBJC_IMPLICIT_RETAIN_SELF = YES;
				CLANG_WARN_OBJC_LITERAL_CONVERSION = YES;
				CLANG_WARN_OBJC_ROOT_CLASS = YES_ERROR;
				CLANG_WARN_QUOTED_INCLUDE_IN_FRAMEWORK_HEADER = YES;
				CLANG_WARN_RANGE_LOOP_ANALYSIS = YES;
				CLANG_WARN_STRICT_PROTOTYPES = YES;
				CLANG_WARN_SUSPICIOUS_MOVE = YES;
				CLANG_WARN_UNGUARDED_AVAILABILITY = YES_AGGRESSIVE;
				CLANG_WARN_UNREACHABLE_CODE = YES;
				CLANG_WARN__DUPLICATE_METHOD_MATCH = YES;
				COPY_PHASE_STRIP = NO;
				DEBUG_INFORMATION_FORMAT = "dwarf-with-dsym";
				DEVELOPMENT_TEAM = QYNRDMWMF6;
				ENABLE_NS_ASSERTIONS = NO;
				ENABLE_STRICT_OBJC_MSGSEND = YES;
				ENABLE_USER_SCRIPT_SANDBOXING = YES;
				GCC_C_LANGUAGE_STANDARD = gnu17;
				GCC_NO_COMMON_BLOCKS = YES;
				GCC_WARN_64_TO_32_BIT_CONVERSION = YES;
				GCC_WARN_ABOUT_RETURN_TYPE = YES_ERROR;
				GCC_WARN_UNDECLARED_SELECTOR = YES;
				GCC_WARN_UNINITIALIZED_AUTOS = YES_AGGRESSIVE;
				GCC_WARN_UNUSED_FUNCTION = YES;
				GCC_WARN_UNUSED_VARIABLE = YES;
				IPHONEOS_DEPLOYMENT_TARGET = 18.5;
				LOCALIZATION_PREFERS_STRING_CATALOGS = YES;
				MTL_ENABLE_DEBUG_INFO = NO;
				MTL_FAST_MATH = YES;
				SDKROOT = iphoneos;
				SWIFT_COMPILATION_MODE = wholemodule;
				VALIDATE_PRODUCT = YES;
			};
			name = Release;
		};
		7F9053F62E96C4D6009DFF51 /* Debug */ = {
			isa = XCBuildConfiguration;
			buildSettings = {
				ASSETCATALOG_COMPILER_APPICON_NAME = AppIcon;
				ASSETCATALOG_COMPILER_GLOBAL_ACCENT_COLOR_NAME = AccentColor;
				CODE_SIGN_STYLE = Automatic;
				CURRENT_PROJECT_VERSION = 1;
				DEVELOPMENT_TEAM = QYNRDMWMF6;
				ENABLE_PREVIEWS = YES;
				GENERATE_INFOPLIST_FILE = YES;
				INFOPLIST_KEY_NSLocationWhenInUseUsageDescription = "The app needs access to your location to provide location-based services.";
				INFOPLIST_KEY_UIApplicationSceneManifest_Generation = YES;
				INFOPLIST_KEY_UIApplicationSupportsIndirectInputEvents = YES;
				INFOPLIST_KEY_UILaunchScreen_Generation = YES;
				INFOPLIST_KEY_UISupportedInterfaceOrientations_iPad = "UIInterfaceOrientationPortrait UIInterfaceOrientationPortraitUpsideDown UIInterfaceOrientationLandscapeLeft UIInterfaceOrientationLandscapeRight";
				INFOPLIST_KEY_UISupportedInterfaceOrientations_iPhone = "UIInterfaceOrientationPortrait UIInterfaceOrientationLandscapeLeft UIInterfaceOrientationLandscapeRight";
				LD_RUNPATH_SEARCH_PATHS = (
					"$(inherited)",
					"@executable_path/Frameworks",
				);
				MARKETING_VERSION = 1.0;
				PRODUCT_BUNDLE_IDENTIFIER = com.jaredcollins.ChatterMap;
				PRODUCT_NAME = "$(TARGET_NAME)";
				SWIFT_EMIT_LOC_STRINGS = YES;
				SWIFT_VERSION = 5.0;
				TARGETED_DEVICE_FAMILY = "1,2";
			};
			name = Debug;
		};
		7F9053F72E96C4D6009DFF51 /* Release */ = {
			isa = XCBuildConfiguration;
			buildSettings = {
				ASSETCATALOG_COMPILER_APPICON_NAME = AppIcon;
				ASSETCATALOG_COMPILER_GLOBAL_ACCENT_COLOR_NAME = AccentColor;
				CODE_SIGN_STYLE = Automatic;
				CURRENT_PROJECT_VERSION = 1;
				DEVELOPMENT_TEAM = QYNRDMWMF6;
				ENABLE_PREVIEWS = YES;
				GENERATE_INFOPLIST_FILE = YES;
				INFOPLIST_KEY_NSLocationWhenInUseUsageDescription = "The app needs access to your location to provide location-based services.";
				INFOPLIST_KEY_UIApplicationSceneManifest_Generation = YES;
				INFOPLIST_KEY_UIApplicationSupportsIndirectInputEvents = YES;
				INFOPLIST_KEY_UILaunchScreen_Generation = YES;
				INFOPLIST_KEY_UISupportedInterfaceOrientations_iPad = "UIInterfaceOrientationPortrait UIInterfaceOrientationPortraitUpsideDown UIInterfaceOrientationLandscapeLeft UIInterfaceOrientationLandscapeRight";
				INFOPLIST_KEY_UISupportedInterfaceOrientations_iPhone = "UIInterfaceOrientationPortrait UIInterfaceOrientationLandscapeLeft UIInterfaceOrientationLandscapeRight";
				LD_RUNPATH_SEARCH_PATHS = (
					"$(inherited)",
					"@executable_path/Frameworks",
				);
				MARKETING_VERSION = 1.0;
				PRODUCT_BUNDLE_IDENTIFIER = com.jaredcollins.ChatterMap;
				PRODUCT_NAME = "$(TARGET_NAME)";
				SWIFT_EMIT_LOC_STRINGS = YES;
				SWIFT_VERSION = 5.0;
				TARGETED_DEVICE_FAMILY = "1,2";
			};
			name = Release;
		};
		7F9053F92E96C4D6009DFF51 /* Debug */ = {
			isa = XCBuildConfiguration;
			buildSettings = {
				BUNDLE_LOADER = "$(TEST_HOST)";
				CODE_SIGN_STYLE = Automatic;
				CURRENT_PROJECT_VERSION = 1;
				DEVELOPMENT_TEAM = QYNRDMWMF6;
				GENERATE_INFOPLIST_FILE = YES;
				IPHONEOS_DEPLOYMENT_TARGET = 18.5;
				MARKETING_VERSION = 1.0;
				PRODUCT_BUNDLE_IDENTIFIER = com.jaredcollins.ChatterMapTests;
				PRODUCT_NAME = "$(TARGET_NAME)";
				SWIFT_EMIT_LOC_STRINGS = NO;
				SWIFT_VERSION = 5.0;
				TARGETED_DEVICE_FAMILY = "1,2";
				TEST_HOST = "$(BUILT_PRODUCTS_DIR)/ChatterMap.app/$(BUNDLE_EXECUTABLE_FOLDER_PATH)/ChatterMap";
			};
			name = Debug;
		};
		7F9053FA2E96C4D6009DFF51 /* Release */ = {
			isa = XCBuildConfiguration;
			buildSettings = {
				BUNDLE_LOADER = "$(TEST_HOST)";
				CODE_SIGN_STYLE = Automatic;
				CURRENT_PROJECT_VERSION = 1;
				DEVELOPMENT_TEAM = QYNRDMWMF6;
				GENERATE_INFOPLIST_FILE = YES;
				IPHONEOS_DEPLOYMENT_TARGET = 18.5;
				MARKETING_VERSION = 1.0;
				PRODUCT_BUNDLE_IDENTIFIER = com.jaredcollins.ChatterMapTests;
				PRODUCT_NAME = "$(TARGET_NAME)";
				SWIFT_EMIT_LOC_STRINGS = NO;
				SWIFT_VERSION = 5.0;
				TARGETED_DEVICE_FAMILY = "1,2";
				TEST_HOST = "$(BUILT_PRODUCTS_DIR)/ChatterMap.app/$(BUNDLE_EXECUTABLE_FOLDER_PATH)/ChatterMap";
			};
			name = Release;
		};
		7F9053FC2E96C4D6009DFF51 /* Debug */ = {
			isa = XCBuildConfiguration;
			buildSettings = {
				CODE_SIGN_STYLE = Automatic;
				CURRENT_PROJECT_VERSION = 1;
				DEVELOPMENT_TEAM = QYNRDMWMF6;
				GENERATE_INFOPLIST_FILE = YES;
				MARKETING_VERSION = 1.0;
				PRODUCT_BUNDLE_IDENTIFIER = com.jaredcollins.ChatterMapUITests;
				PRODUCT_NAME = "$(TARGET_NAME)";
				SWIFT_EMIT_LOC_STRINGS = NO;
				SWIFT_VERSION = 5.0;
				TARGETED_DEVICE_FAMILY = "1,2";
				TEST_TARGET_NAME = ChatterMap;
			};
			name = Debug;
		};
		7F9053FD2E96C4D6009DFF51 /* Release */ = {
			isa = XCBuildConfiguration;
			buildSettings = {
				CODE_SIGN_STYLE = Automatic;
				CURRENT_PROJECT_VERSION = 1;
				DEVELOPMENT_TEAM = QYNRDMWMF6;
				GENERATE_INFOPLIST_FILE = YES;
				MARKETING_VERSION = 1.0;
				PRODUCT_BUNDLE_IDENTIFIER = com.jaredcollins.ChatterMapUITests;
				PRODUCT_NAME = "$(TARGET_NAME)";
				SWIFT_EMIT_LOC_STRINGS = NO;
				SWIFT_VERSION = 5.0;
				TARGETED_DEVICE_FAMILY = "1,2";
				TEST_TARGET_NAME = ChatterMap;
			};
			name = Release;
		};
/* End XCBuildConfiguration section */

/* Begin XCConfigurationList section */
		7F9053CF2E96C4D4009DFF51 /* Build configuration list for PBXProject "ChatterMap" */ = {
			isa = XCConfigurationList;
			buildConfigurations = (
				7F9053F32E96C4D6009DFF51 /* Debug */,
				7F9053F42E96C4D6009DFF51 /* Release */,
			);
			defaultConfigurationIsVisible = 0;
			defaultConfigurationName = Release;
		};
		7F9053F52E96C4D6009DFF51 /* Build configuration list for PBXNativeTarget "ChatterMap" */ = {
			isa = XCConfigurationList;
			buildConfigurations = (
				7F9053F62E96C4D6009DFF51 /* Debug */,
				7F9053F72E96C4D6009DFF51 /* Release */,
			);
			defaultConfigurationIsVisible = 0;
			defaultConfigurationName = Release;
		};
		7F9053F82E96C4D6009DFF51 /* Build configuration list for PBXNativeTarget "ChatterMapTests" */ = {
			isa = XCConfigurationList;
			buildConfigurations = (
				7F9053F92E96C4D6009DFF51 /* Debug */,
				7F9053FA2E96C4D6009DFF51 /* Release */,
			);
			defaultConfigurationIsVisible = 0;
			defaultConfigurationName = Release;
		};
		7F9053FB2E96C4D6009DFF51 /* Build configuration list for PBXNativeTarget "ChatterMapUITests" */ = {
			isa = XCConfigurationList;
			buildConfigurations = (
				7F9053FC2E96C4D6009DFF51 /* Debug */,
				7F9053FD2E96C4D6009DFF51 /* Release */,
			);
			defaultConfigurationIsVisible = 0;
			defaultConfigurationName = Release;
		};
/* End XCConfigurationList section */

/* Begin XCRemoteSwiftPackageReference section */
		1C0C16592EA97134002BE797 /* XCRemoteSwiftPackageReference "firebase-ios-sdk" */ = {
			isa = XCRemoteSwiftPackageReference;
			repositoryURL = "https://github.com/firebase/firebase-ios-sdk";
			requirement = {
				kind = upToNextMajorVersion;
				minimumVersion = 12.4.0;
			};
		};
/* End XCRemoteSwiftPackageReference section */

/* Begin XCSwiftPackageProductDependency section */
		1C0C165A2EA97134002BE797 /* FirebaseAuth */ = {
			isa = XCSwiftPackageProductDependency;
			package = 1C0C16592EA97134002BE797 /* XCRemoteSwiftPackageReference "firebase-ios-sdk" */;
			productName = FirebaseAuth;
		};
		1C0C165C2EA97134002BE797 /* FirebaseCore */ = {
			isa = XCSwiftPackageProductDependency;
			package = 1C0C16592EA97134002BE797 /* XCRemoteSwiftPackageReference "firebase-ios-sdk" */;
			productName = FirebaseCore;
		};
		1C0C165E2EA97134002BE797 /* FirebaseFirestore */ = {
			isa = XCSwiftPackageProductDependency;
			package = 1C0C16592EA97134002BE797 /* XCRemoteSwiftPackageReference "firebase-ios-sdk" */;
			productName = FirebaseFirestore;
		};
		1C0C16602EA97134002BE797 /* FirebaseStorage */ = {
			isa = XCSwiftPackageProductDependency;
			package = 1C0C16592EA97134002BE797 /* XCRemoteSwiftPackageReference "firebase-ios-sdk" */;
			productName = FirebaseStorage;
		};
/* End XCSwiftPackageProductDependency section */
	};
	rootObject = 7F9053CC2E96C4D4009DFF51 /* Project object */;
}
